
Microsoft Visual Studio Solution File, Format Version 12.00
# Visual Studio Version 17
VisualStudioVersion = 17.3.32825.248
MinimumVisualStudioVersion = 10.0.40219.1
Project("{8BC9CEB8-8B4A-11D0-8D11-00A0C91BC942}") = "배열", "배열\배열.vcxproj", "{E6F1085F-1670-4995-B942-3BC1EF446585}"
EndProject
Global
	GlobalSection(SolutionConfigurationPlatforms) = preSolution
		Debug|x64 = Debug|x64
		Debug|x86 = Debug|x86
		Release|x64 = Release|x64
		Release|x86 = Release|x86
	EndGlobalSection
	GlobalSection(ProjectConfigurationPlatforms) = postSolution
		{E6F1085F-1670-4995-B942-3BC1EF446585}.Debug|x64.ActiveCfg = Debug|x64
		{E6F1085F-1670-4995-B942-3BC1EF446585}.Debug|x64.Build.0 = Debug|x64
		{E6F1085F-1670-4995-B942-3BC1EF446585}.Debug|x86.ActiveCfg = Debug|Win32
		{E6F1085F-1670-4995-B942-3BC1EF446585}.Debug|x86.Build.0 = Debug|Win32
		{E6F1085F-1670-4995-B942-3BC1EF446585}.Release|x64.ActiveCfg = Release|x64
		{E6F1085F-1670-4995-B942-3BC1EF446585}.Release|x64.Build.0 = Release|x64
		{E6F1085F-1670-4995-B942-3BC1EF446585}.Release|x86.ActiveCfg = Release|Win32
		{E6F1085F-1670-4995-B942-3BC1EF446585}.Release|x86.Build.0 = Release|Win32
	EndGlobalSection
	GlobalSection(SolutionProperties) = preSolution
		HideSolutionNode = FALSE
	EndGlobalSection
	GlobalSection(ExtensibilityGlobals) = postSolution
		SolutionGuid = {0ED9C68B-7796-43D8-BC46-A6F018A409DE}
	EndGlobalSection
EndGlobal
